// !$*UTF8*$!
{
	archiveVersion = 1;
	classes = {
	};
	objectVersion = 50;
	objects = {

/* Begin PBXBuildFile section */
		FCB630B424B5A0B200C79882 /* AppDelegate.swift in Sources */ = {isa = PBXBuildFile; fileRef = FCB630B324B5A0B200C79882 /* AppDelegate.swift */; };
		FCB630B624B5A0B200C79882 /* SceneDelegate.swift in Sources */ = {isa = PBXBuildFile; fileRef = FCB630B524B5A0B200C79882 /* SceneDelegate.swift */; };
		FCB630B824B5A0B200C79882 /* ViewController.swift in Sources */ = {isa = PBXBuildFile; fileRef = FCB630B724B5A0B200C79882 /* ViewController.swift */; };
		FCB630BB24B5A0B200C79882 /* Main.storyboard in Resources */ = {isa = PBXBuildFile; fileRef = FCB630B924B5A0B200C79882 /* Main.storyboard */; };
		FCB630BD24B5A0B400C79882 /* Assets.xcassets in Resources */ = {isa = PBXBuildFile; fileRef = FCB630BC24B5A0B400C79882 /* Assets.xcassets */; };
		FCB630C024B5A0B400C79882 /* LaunchScreen.storyboard in Resources */ = {isa = PBXBuildFile; fileRef = FCB630BE24B5A0B400C79882 /* LaunchScreen.storyboard */; };
		FCB630C824B5A1B700C79882 /* Course.swift in Sources */ = {isa = PBXBuildFile; fileRef = FCB630C724B5A1B700C79882 /* Course.swift */; };
		FCB630CD24B5A43B00C79882 /* CourseCell.swift in Sources */ = {isa = PBXBuildFile; fileRef = FCB630CC24B5A43B00C79882 /* CourseCell.swift */; };
		FCB630D324B5FD8000C79882 /* CourseViewModel.swift in Sources */ = {isa = PBXBuildFile; fileRef = FCB630D224B5FD8000C79882 /* CourseViewModel.swift */; };
/* End PBXBuildFile section */

/* Begin PBXFileReference section */
		FCB630B024B5A0B200C79882 /* MVC to MVVM.app */ = {isa = PBXFileReference; explicitFileType = wrapper.application; includeInIndex = 0; path = "MVC to MVVM.app"; sourceTree = BUILT_PRODUCTS_DIR; };
		FCB630B324B5A0B200C79882 /* AppDelegate.swift */ = {isa = PBXFileReference; lastKnownFileType = sourcecode.swift; path = AppDelegate.swift; sourceTree = "<group>"; };
		FCB630B524B5A0B200C79882 /* SceneDelegate.swift */ = {isa = PBXFileReference; lastKnownFileType = sourcecode.swift; path = SceneDelegate.swift; sourceTree = "<group>"; };
		FCB630B724B5A0B200C79882 /* ViewController.swift */ = {isa = PBXFileReference; lastKnownFileType = sourcecode.swift; path = ViewController.swift; sourceTree = "<group>"; };
		FCB630BA24B5A0B200C79882 /* Base */ = {isa = PBXFileReference; lastKnownFileType = file.storyboard; name = Base; path = Base.lproj/Main.storyboard; sourceTree = "<group>"; };
		FCB630BC24B5A0B400C79882 /* Assets.xcassets */ = {isa = PBXFileReference; lastKnownFileType = folder.assetcatalog; path = Assets.xcassets; sourceTree = "<group>"; };
		FCB630BF24B5A0B400C79882 /* Base */ = {isa = PBXFileReference; lastKnownFileType = file.storyboard; name = Base; path = Base.lproj/LaunchScreen.storyboard; sourceTree = "<group>"; };
		FCB630C124B5A0B400C79882 /* Info.plist */ = {isa = PBXFileReference; lastKnownFileType = text.plist.xml; path = Info.plist; sourceTree = "<group>"; };
		FCB630C724B5A1B700C79882 /* Course.swift */ = {isa = PBXFileReference; lastKnownFileType = sourcecode.swift; path = Course.swift; sourceTree = "<group>"; };
		FCB630CC24B5A43B00C79882 /* CourseCell.swift */ = {isa = PBXFileReference; lastKnownFileType = sourcecode.swift; path = CourseCell.swift; sourceTree = "<group>"; };
		FCB630D224B5FD8000C79882 /* CourseViewModel.swift */ = {isa = PBXFileReference; lastKnownFileType = sourcecode.swift; path = CourseViewModel.swift; sourceTree = "<group>"; };
/* End PBXFileReference section */

/* Begin PBXFrameworksBuildPhase section */
		FCB630AD24B5A0B200C79882 /* Frameworks */ = {
			isa = PBXFrameworksBuildPhase;
			buildActionMask = 2147483647;
			files = (
			);
			runOnlyForDeploymentPostprocessing = 0;
		};
/* End PBXFrameworksBuildPhase section */

/* Begin PBXGroup section */
		FCB630A724B5A0B200C79882 = {
			isa = PBXGroup;
			children = (
				FCB630B224B5A0B200C79882 /* MVC to MVVM */,
				FCB630B124B5A0B200C79882 /* Products */,
			);
			sourceTree = "<group>";
		};
		FCB630B124B5A0B200C79882 /* Products */ = {
			isa = PBXGroup;
			children = (
				FCB630B024B5A0B200C79882 /* MVC to MVVM.app */,
			);
			name = Products;
			sourceTree = "<group>";
		};
		FCB630B224B5A0B200C79882 /* MVC to MVVM */ = {
			isa = PBXGroup;
			children = (
				FCB630D124B5FD7000C79882 /* ViewModel */,
				FCB630CA24B5A3B500C79882 /* Model */,
				FCB630C924B5A3AD00C79882 /* View */,
				FCB630CB24B5A3BB00C79882 /* Controller */,
				FCB630B324B5A0B200C79882 /* AppDelegate.swift */,
				FCB630B524B5A0B200C79882 /* SceneDelegate.swift */,
				FCB630BC24B5A0B400C79882 /* Assets.xcassets */,
				FCB630BE24B5A0B400C79882 /* LaunchScreen.storyboard */,
				FCB630C124B5A0B400C79882 /* Info.plist */,
			);
			path = "MVC to MVVM";
			sourceTree = "<group>";
		};
		FCB630C924B5A3AD00C79882 /* View */ = {
			isa = PBXGroup;
			children = (
				FCB630B924B5A0B200C79882 /* Main.storyboard */,
				FCB630CC24B5A43B00C79882 /* CourseCell.swift */,
			);
			path = View;
			sourceTree = "<group>";
		};
		FCB630CA24B5A3B500C79882 /* Model */ = {
			isa = PBXGroup;
			children = (
				FCB630C724B5A1B700C79882 /* Course.swift */,
			);
			path = Model;
			sourceTree = "<group>";
		};
		FCB630CB24B5A3BB00C79882 /* Controller */ = {
			isa = PBXGroup;
			children = (
				FCB630B724B5A0B200C79882 /* ViewController.swift */,
			);
			path = Controller;
			sourceTree = "<group>";
		};
		FCB630D124B5FD7000C79882 /* ViewModel */ = {
			isa = PBXGroup;
			children = (
				FCB630D224B5FD8000C79882 /* CourseViewModel.swift */,
			);
			path = ViewModel;
			sourceTree = "<group>";
		};
/* End PBXGroup section */

/* Begin PBXNativeTarget section */
		FCB630AF24B5A0B200C79882 /* MVC to MVVM */ = {
			isa = PBXNativeTarget;
			buildConfigurationList = FCB630C424B5A0B400C79882 /* Build configuration list for PBXNativeTarget "MVC to MVVM" */;
			buildPhases = (
				FCB630AC24B5A0B200C79882 /* Sources */,
				FCB630AD24B5A0B200C79882 /* Frameworks */,
				FCB630AE24B5A0B200C79882 /* Resources */,
			);
			buildRules = (
			);
			dependencies = (
			);
			name = "MVC to MVVM";
			productName = "MVC to MVVM";
			productReference = FCB630B024B5A0B200C79882 /* MVC to MVVM.app */;
			productType = "com.apple.product-type.application";
		};
/* End PBXNativeTarget section */

/* Begin PBXProject section */
		FCB630A824B5A0B200C79882 /* Project object */ = {
			isa = PBXProject;
			attributes = {
				LastSwiftUpdateCheck = 1150;
				LastUpgradeCheck = 1150;
				ORGANIZATIONNAME = omrobbie;
				TargetAttributes = {
					FCB630AF24B5A0B200C79882 = {
						CreatedOnToolsVersion = 11.5;
					};
				};
			};
			buildConfigurationList = FCB630AB24B5A0B200C79882 /* Build configuration list for PBXProject "MVC to MVVM" */;
			compatibilityVersion = "Xcode 9.3";
			developmentRegion = en;
			hasScannedForEncodings = 0;
			knownRegions = (
				en,
				Base,
			);
			mainGroup = FCB630A724B5A0B200C79882;
			productRefGroup = FCB630B124B5A0B200C79882 /* Products */;
			projectDirPath = "";
			projectRoot = "";
			targets = (
				FCB630AF24B5A0B200C79882 /* MVC to MVVM */,
			);
		};
/* End PBXProject section */

/* Begin PBXResourcesBuildPhase section */
		FCB630AE24B5A0B200C79882 /* Resources */ = {
			isa = PBXResourcesBuildPhase;
			buildActionMask = 2147483647;
			files = (
				FCB630C024B5A0B400C79882 /* LaunchScreen.storyboard in Resources */,
				FCB630BD24B5A0B400C79882 /* Assets.xcassets in Resources */,
				FCB630BB24B5A0B200C79882 /* Main.storyboard in Resources */,
			);
			runOnlyForDeploymentPostprocessing = 0;
		};
/* End PBXResourcesBuildPhase section */

/* Begin PBXSourcesBuildPhase section */
		FCB630AC24B5A0B200C79882 /* Sources */ = {
			isa = PBXSourcesBuildPhase;
			buildActionMask = 2147483647;
			files = (
				FCB630C824B5A1B700C79882 /* Course.swift in Sources */,
				FCB630B824B5A0B200C79882 /* ViewController.swift in Sources */,
				FCB630B424B5A0B200C79882 /* AppDelegate.swift in Sources */,
				FCB630D324B5FD8000C79882 /* CourseViewModel.swift in Sources */,
				FCB630B624B5A0B200C79882 /* SceneDelegate.swift in Sources */,
				FCB630CD24B5A43B00C79882 /* CourseCell.swift in Sources */,
			);
			runOnlyForDeploymentPostprocessing = 0;
		};
/* End PBXSourcesBuildPhase section */

/* Begin PBXVariantGroup section */
		FCB630B924B5A0B200C79882 /* Main.storyboard */ = {
			isa = PBXVariantGroup;
			children = (
				FCB630BA24B5A0B200C79882 /* Base */,
			);
			name = Main.storyboard;
			sourceTree = "<group>";
		};
		FCB630BE24B5A0B400C79882 /* LaunchScreen.storyboard */ = {
			isa = PBXVariantGroup;
			children = (
				FCB630BF24B5A0B400C79882 /* Base */,
			);
			name = LaunchScreen.storyboard;
			sourceTree = "<group>";
		};
/* End PBXVariantGroup section */

/* Begin XCBuildConfiguration section */
		FCB630C224B5A0B400C79882 /* Debug */ = {
			isa = XCBuildConfiguration;
			buildSettings = {
				ALWAYS_SEARCH_USER_PATHS = NO;
				CLANG_ANALYZER_NONNULL = YES;
				CLANG_ANALYZER_NUMBER_OBJECT_CONVERSION = YES_AGGRESSIVE;
				CLANG_CXX_LANGUAGE_STANDARD = "gnu++14";
				CLANG_CXX_LIBRARY = "libc++";
				CLANG_ENABLE_MODULES = YES;
				CLANG_ENABLE_OBJC_ARC = YES;
				CLANG_ENABLE_OBJC_WEAK = YES;
				CLANG_WARN_BLOCK_CAPTURE_AUTORELEASING = YES;
				CLANG_WARN_BOOL_CONVERSION = YES;
				CLANG_WARN_COMMA = YES;
				CLANG_WARN_CONSTANT_CONVERSION = YES;
				CLANG_WARN_DEPRECATED_OBJC_IMPLEMENTATIONS = YES;
				CLANG_WARN_DIRECT_OBJC_ISA_USAGE = YES_ERROR;
				CLANG_WARN_DOCUMENTATION_COMMENTS = YES;
				CLANG_WARN_EMPTY_BODY = YES;
				CLANG_WARN_ENUM_CONVERSION = YES;
				CLANG_WARN_INFINITE_RECURSION = YES;
				CLANG_WARN_INT_CONVERSION = YES;
				CLANG_WARN_NON_LITERAL_NULL_CONVERSION = YES;
				CLANG_WARN_OBJC_IMPLICIT_RETAIN_SELF = YES;
				CLANG_WARN_OBJC_LITERAL_CONVERSION = YES;
				CLANG_WARN_OBJC_ROOT_CLASS = YES_ERROR;
				CLANG_WARN_RANGE_LOOP_ANALYSIS = YES;
				CLANG_WARN_STRICT_PROTOTYPES = YES;
				CLANG_WARN_SUSPICIOUS_MOVE = YES;
				CLANG_WARN_UNGUARDED_AVAILABILITY = YES_AGGRESSIVE;
				CLANG_WARN_UNREACHABLE_CODE = YES;
				CLANG_WARN__DUPLICATE_METHOD_MATCH = YES;
				COPY_PHASE_STRIP = NO;
				DEBUG_INFORMATION_FORMAT = dwarf;
				ENABLE_STRICT_OBJC_MSGSEND = YES;
				ENABLE_TESTABILITY = YES;
				GCC_C_LANGUAGE_STANDARD = gnu11;
				GCC_DYNAMIC_NO_PIC = NO;
				GCC_NO_COMMON_BLOCKS = YES;
				GCC_OPTIMIZATION_LEVEL = 0;
				GCC_PREPROCESSOR_DEFINITIONS = (
					"DEBUG=1",
					"$(inherited)",
				);
				GCC_WARN_64_TO_32_BIT_CONVERSION = YES;
				GCC_WARN_ABOUT_RETURN_TYPE = YES_ERROR;
				GCC_WARN_UNDECLARED_SELECTOR = YES;
				GCC_WARN_UNINITIALIZED_AUTOS = YES_AGGRESSIVE;
				GCC_WARN_UNUSED_FUNCTION = YES;
				GCC_WARN_UNUSED_VARIABLE = YES;
				IPHONEOS_DEPLOYMENT_TARGET = 13.5;
				MTL_ENABLE_DEBUG_INFO = INCLUDE_SOURCE;
				MTL_FAST_MATH = YES;
				ONLY_ACTIVE_ARCH = YES;
				SDKROOT = iphoneos;
				SWIFT_ACTIVE_COMPILATION_CONDITIONS = DEBUG;
				SWIFT_OPTIMIZATION_LEVEL = "-Onone";
			};
			name = Debug;
		};
		FCB630C324B5A0B400C79882 /* Release */ = {
			isa = XCBuildConfiguration;
			buildSettings = {
				ALWAYS_SEARCH_USER_PATHS = NO;
				CLANG_ANALYZER_NONNULL = YES;
				CLANG_ANALYZER_NUMBER_OBJECT_CONVERSION = YES_AGGRESSIVE;
				CLANG_CXX_LANGUAGE_STANDARD = "gnu++14";
				CLANG_CXX_LIBRARY = "libc++";
				CLANG_ENABLE_MODULES = YES;
				CLANG_ENABLE_OBJC_ARC = YES;
				CLANG_ENABLE_OBJC_WEAK = YES;
				CLANG_WARN_BLOCK_CAPTURE_AUTORELEASING = YES;
				CLANG_WARN_BOOL_CONVERSION = YES;
				CLANG_WARN_COMMA = YES;
				CLANG_WARN_CONSTANT_CONVERSION = YES;
				CLANG_WARN_DEPRECATED_OBJC_IMPLEMENTATIONS = YES;
				CLANG_WARN_DIRECT_OBJC_ISA_USAGE = YES_ERROR;
				CLANG_WARN_DOCUMENTATION_COMMENTS = YES;
				CLANG_WARN_EMPTY_BODY = YES;
				CLANG_WARN_ENUM_CONVERSION = YES;
				CLANG_WARN_INFINITE_RECURSION = YES;
				CLANG_WARN_INT_CONVERSION = YES;
				CLANG_WARN_NON_LITERAL_NULL_CONVERSION = YES;
				CLANG_WARN_OBJC_IMPLICIT_RETAIN_SELF = YES;
				CLANG_WARN_OBJC_LITERAL_CONVERSION = YES;
				CLANG_WARN_OBJC_ROOT_CLASS = YES_ERROR;
				CLANG_WARN_RANGE_LOOP_ANALYSIS = YES;
				CLANG_WARN_STRICT_PROTOTYPES = YES;
				CLANG_WARN_SUSPICIOUS_MOVE = YES;
				CLANG_WARN_UNGUARDED_AVAILABILITY = YES_AGGRESSIVE;
				CLANG_WARN_UNREACHABLE_CODE = YES;
				CLANG_WARN__DUPLICATE_METHOD_MATCH = YES;
				COPY_PHASE_STRIP = NO;
				DEBUG_INFORMATION_FORMAT = "dwarf-with-dsym";
				ENABLE_NS_ASSERTIONS = NO;
				ENABLE_STRICT_OBJC_MSGSEND = YES;
				GCC_C_LANGUAGE_STANDARD = gnu11;
				GCC_NO_COMMON_BLOCKS = YES;
				GCC_WARN_64_TO_32_BIT_CONVERSION = YES;
				GCC_WARN_ABOUT_RETURN_TYPE = YES_ERROR;
				GCC_WARN_UNDECLARED_SELECTOR = YES;
				GCC_WARN_UNINITIALIZED_AUTOS = YES_AGGRESSIVE;
				GCC_WARN_UNUSED_FUNCTION = YES;
				GCC_WARN_UNUSED_VARIABLE = YES;
				IPHONEOS_DEPLOYMENT_TARGET = 13.5;
				MTL_ENABLE_DEBUG_INFO = NO;
				MTL_FAST_MATH = YES;
				SDKROOT = iphoneos;
				SWIFT_COMPILATION_MODE = wholemodule;
				SWIFT_OPTIMIZATION_LEVEL = "-O";
				VALIDATE_PRODUCT = YES;
			};
			name = Release;
		};
		FCB630C524B5A0B400C79882 /* Debug */ = {
			isa = XCBuildConfiguration;
			buildSettings = {
				ASSETCATALOG_COMPILER_APPICON_NAME = AppIcon;
				CODE_SIGN_STYLE = Automatic;
				INFOPLIST_FILE = "MVC to MVVM/Info.plist";
				LD_RUNPATH_SEARCH_PATHS = (
					"$(inherited)",
					"@executable_path/Frameworks",
				);
				PRODUCT_BUNDLE_IDENTIFIER = "com.omrobbie.MVC-to-MVVM";
				PRODUCT_NAME = "$(TARGET_NAME)";
				SWIFT_VERSION = 5.0;
				TARGETED_DEVICE_FAMILY = 1;
			};
			name = Debug;
		};
		FCB630C624B5A0B400C79882 /* Release */ = {
			isa = XCBuildConfiguration;
			buildSettings = {
				ASSETCATALOG_COMPILER_APPICON_NAME = AppIcon;
				CODE_SIGN_STYLE = Automatic;
				INFOPLIST_FILE = "MVC to MVVM/Info.plist";
				LD_RUNPATH_SEARCH_PATHS = (
					"$(inherited)",
					"@executable_path/Frameworks",
				);
				PRODUCT_BUNDLE_IDENTIFIER = "com.omrobbie.MVC-to-MVVM";
				PRODUCT_NAME = "$(TARGET_NAME)";
				SWIFT_VERSION = 5.0;
				TARGETED_DEVICE_FAMILY = 1;
			};
			name = Release;
		};
/* End XCBuildConfiguration section */

/* Begin XCConfigurationList section */
		FCB630AB24B5A0B200C79882 /* Build configuration list for PBXProject "MVC to MVVM" */ = {
			isa = XCConfigurationList;
			buildConfigurations = (
				FCB630C224B5A0B400C79882 /* Debug */,
				FCB630C324B5A0B400C79882 /* Release */,
			);
			defaultConfigurationIsVisible = 0;
			defaultConfigurationName = Release;
		};
		FCB630C424B5A0B400C79882 /* Build configuration list for PBXNativeTarget "MVC to MVVM" */ = {
			isa = XCConfigurationList;
			buildConfigurations = (
				FCB630C524B5A0B400C79882 /* Debug */,
				FCB630C624B5A0B400C79882 /* Release */,
			);
			defaultConfigurationIsVisible = 0;
			defaultConfigurationName = Release;
		};
/* End XCConfigurationList section */
	};
	rootObject = FCB630A824B5A0B200C79882 /* Project object */;
}
